
Microsoft Visual Studio Solution File, Format Version 12.00
# Visual Studio Version 17
VisualStudioVersion = 17.11.35327.3
MinimumVisualStudioVersion = 10.0.40219.1
Project("{FAE04EC0-301F-11D3-BF4B-00C04F79EFBC}") = "appLogin", "appLogin\appLogin.csproj", "{A6BE8FAF-FDD7-4009-B624-537A8EAA7E13}"
EndProject
Global
	GlobalSection(SolutionConfigurationPlatforms) = preSolution
		Debug|Any CPU = Debug|Any CPU
		Release|Any CPU = Release|Any CPU
	EndGlobalSection
	GlobalSection(ProjectConfigurationPlatforms) = postSolution
		{A6BE8FAF-FDD7-4009-B624-537A8EAA7E13}.Debug|Any CPU.ActiveCfg = Debug|Any CPU
		{A6BE8FAF-FDD7-4009-B624-537A8EAA7E13}.Debug|Any CPU.Build.0 = Debug|Any CPU
		{A6BE8FAF-FDD7-4009-B624-537A8EAA7E13}.Release|Any CPU.ActiveCfg = Release|Any CPU
		{A6BE8FAF-FDD7-4009-B624-537A8EAA7E13}.Release|Any CPU.Build.0 = Release|Any CPU
	EndGlobalSection
	GlobalSection(SolutionProperties) = preSolution
		HideSolutionNode = FALSE
	EndGlobalSection
	GlobalSection(ExtensibilityGlobals) = postSolution
		SolutionGuid = {F8B2B0BD-A8EE-4E94-8C2D-93854DD3E544}
	EndGlobalSection
EndGlobal
